
Microsoft Visual Studio Solution File, Format Version 12.00
Project("{FAE04EC0-301F-11D3-BF4B-00C04F79EFBC}") = "Nullable", "Nullable.csproj", "{4D731329-FD75-4650-B6A0-C7C060F5C93B}"
EndProject
Project("{2150E333-8FDC-42A3-9474-1A3956D46DE8}") = "IEnumerable", "IEnumerable", "{A6FD4B61-97F1-4E84-B99A-DF491D4F78AA}"
EndProject
Project("{FAE04EC0-301F-11D3-BF4B-00C04F79EFBC}") = "IEnumerable", "IEnumerable\IEnumerable.csproj", "{7430829B-E44F-45CA-89AF-C1206C33D1F8}"
EndProject
Global
	GlobalSection(SolutionConfigurationPlatforms) = preSolution
		Debug|Any CPU = Debug|Any CPU
		Release|Any CPU = Release|Any CPU
	EndGlobalSection
	GlobalSection(ProjectConfigurationPlatforms) = postSolution
		{4D731329-FD75-4650-B6A0-C7C060F5C93B}.Debug|Any CPU.ActiveCfg = Debug|Any CPU
		{4D731329-FD75-4650-B6A0-C7C060F5C93B}.Debug|Any CPU.Build.0 = Debug|Any CPU
		{4D731329-FD75-4650-B6A0-C7C060F5C93B}.Release|Any CPU.ActiveCfg = Release|Any CPU
		{4D731329-FD75-4650-B6A0-C7C060F5C93B}.Release|Any CPU.Build.0 = Release|Any CPU
		{7430829B-E44F-45CA-89AF-C1206C33D1F8}.Debug|Any CPU.ActiveCfg = Debug|Any CPU
		{7430829B-E44F-45CA-89AF-C1206C33D1F8}.Debug|Any CPU.Build.0 = Debug|Any CPU
		{7430829B-E44F-45CA-89AF-C1206C33D1F8}.Release|Any CPU.ActiveCfg = Release|Any CPU
		{7430829B-E44F-45CA-89AF-C1206C33D1F8}.Release|Any CPU.Build.0 = Release|Any CPU
	EndGlobalSection
	GlobalSection(NestedProjects) = preSolution
		{7430829B-E44F-45CA-89AF-C1206C33D1F8} = {A6FD4B61-97F1-4E84-B99A-DF491D4F78AA}
	EndGlobalSection
EndGlobal
